# THIS IS AN AUTOGENERATED FILE. DO NOT EDIT THIS FILE DIRECTLY.
# yarn lockfile v1


"@babel/runtime@^7.3.1", "@babel/runtime@^7.4.4", "@babel/runtime@^7.5.5", "@babel/runtime@^7.6.2":
  version "7.6.2"
  resolved "https://registry.npm.taobao.org/@babel/runtime/download/@babel/runtime-7.6.2.tgz?cache=0&other_urls=https%3A%2F%2Fregistry.npm.taobao.org%2F%40babel%2Fruntime%2Fdownload%2F%40babel%2Fruntime-7.6.2.tgz#c3d6e41b304ef10dcf13777a33e7694ec4a9a6dd"
  integrity sha1-w9bkGzBO8Q3PE3d6M+dpTsSppt0=
  dependencies:
    regenerator-runtime "^0.13.2"

"@emotion/hash@^0.7.1":
  version "0.7.3"
  resolved "https://registry.npm.taobao.org/@emotion/hash/download/@emotion/hash-0.7.3.tgz#a166882c81c0c6040975dd30df24fae8549bd96f"
  integrity sha1-oWaILIHAxgQJdd0w3yT66FSb2W8=

"@material-ui/core@^4.5.1":
  version "4.5.1"
  resolved "https://registry.npm.taobao.org/@material-ui/core/download/@material-ui/core-4.5.1.tgz#6f1bbb298cc2893b29169ab9398a00ca5a6ac971"
  integrity sha1-bxu7KYzCiTspFpq5OYoAylpqyXE=
  dependencies:
    "@babel/runtime" "^7.4.4"
    "@material-ui/styles" "^4.5.0"
    "@material-ui/system" "^4.5.0"
    "@material-ui/types" "^4.1.1"
    "@material-ui/utils" "^4.4.0"
    "@types/react-transition-group" "^4.2.0"
    clsx "^1.0.2"
    convert-css-length "^2.0.1"
    deepmerge "^4.0.0"
    hoist-non-react-statics "^3.2.1"
    is-plain-object "^3.0.0"
    normalize-scroll-left "^0.2.0"
    popper.js "^1.14.1"
    prop-types "^15.7.2"
    react-transition-group "^4.3.0"

"@material-ui/styles@^4.5.0":
  version "4.5.0"
  resolved "https://registry.npm.taobao.org/@material-ui/styles/download/@material-ui/styles-4.5.0.tgz#4e591b8d44c7ecce318634bd8ac652499b6c277a"
  integrity sha1-TlkbjUTH7M4xhjS9isZSSZtsJ3o=
  dependencies:
    "@babel/runtime" "^7.4.4"
    "@emotion/hash" "^0.7.1"
    "@material-ui/types" "^4.1.1"
    "@material-ui/utils" "^4.1.0"
    clsx "^1.0.2"
    csstype "^2.5.2"
    deepmerge "^4.0.0"
    hoist-non-react-statics "^3.2.1"
    jss "^10.0.0"
    jss-plugin-camel-case "^10.0.0"
    jss-plugin-default-unit "^10.0.0"
    jss-plugin-global "^10.0.0"
    jss-plugin-nested "^10.0.0"
    jss-plugin-props-sort "^10.0.0"
    jss-plugin-rule-value-function "^10.0.0"
    jss-plugin-vendor-prefixer "^10.0.0"
    prop-types "^15.7.2"

"@material-ui/system@^4.5.0":
  version "4.5.0"
  resolved "https://registry.npm.taobao.org/@material-ui/system/download/@material-ui/system-4.5.0.tgz#3235f5d7da8b8af4df425e4f065990c16dee8097"
  integrity sha1-MjX119qLivTfQl5PBlmQwW3ugJc=
  dependencies:
    "@babel/runtime" "^7.4.4"
    deepmerge "^4.0.0"
    prop-types "^15.7.2"

"@material-ui/types@^4.1.1":
  version "4.1.1"
  resolved "https://registry.npm.taobao.org/@material-ui/types/download/@material-ui/types-4.1.1.tgz#b65e002d926089970a3271213a3ad7a21b17f02b"
  integrity sha1-tl4ALZJgiZcKMnEhOjrXohsX8Cs=
  dependencies:
    "@types/react" "*"

"@material-ui/utils@^4.1.0", "@material-ui/utils@^4.4.0":
  version "4.4.0"
  resolved "https://registry.npm.taobao.org/@material-ui/utils/download/@material-ui/utils-4.4.0.tgz#9275421e2798a067850d201212d46f12725828ad"
  integrity sha1-knVCHieYoGeFDSASEtRvEnJYKK0=
  dependencies:
    "@babel/runtime" "^7.4.4"
    prop-types "^15.7.2"
    react-is "^16.8.6"

"@types/node@^12.11.1":
  version "12.11.1"
  resolved "https://registry.npm.taobao.org/@types/node/download/@types/node-12.11.1.tgz#1fd7b821f798b7fa29f667a1be8f3442bb8922a3"
  integrity sha1-H9e4IfeYt/op9mehvo80QruJIqM=

"@types/prop-types@*":
  version "15.7.3"
  resolved "https://registry.npm.taobao.org/@types/prop-types/download/@types/prop-types-15.7.3.tgz#2ab0d5da2e5815f94b0b9d4b95d1e5f243ab2ca7"
  integrity sha1-KrDV2i5YFflLC51LldHl8kOrLKc=

"@types/react-transition-group@^4.2.0":
  version "4.2.3"
  resolved "https://registry.npm.taobao.org/@types/react-transition-group/download/@types/react-transition-group-4.2.3.tgz#4924133f7268694058e415bf7aea2d4c21131470"
  integrity sha1-SSQTP3JoaUBY5BW/euotTCETFHA=
  dependencies:
    "@types/react" "*"

"@types/react@*":
  version "16.9.5"
  resolved "https://registry.npm.taobao.org/@types/react/download/@types/react-16.9.5.tgz#079dabd918b19b32118c25fd00a786bb6d0d5e51"
  integrity sha1-B52r2RixmzIRjCX9AKeGu20NXlE=
  dependencies:
    "@types/prop-types" "*"
    csstype "^2.2.0"

clsx@^1.0.2:
  version "1.0.4"
  resolved "https://registry.npm.taobao.org/clsx/download/clsx-1.0.4.tgz#0c0171f6d5cb2fe83848463c15fcc26b4df8c2ec"
  integrity sha1-DAFx9tXLL+g4SEY8FfzCa034wuw=

convert-css-length@^2.0.1:
  version "2.0.1"
  resolved "https://registry.npm.taobao.org/convert-css-length/download/convert-css-length-2.0.1.tgz#90a76bde5bfd24d72881a5b45d02249b2c1d257c"
  integrity sha1-kKdr3lv9JNcogaW0XQIkmywdJXw=

css-vendor@^2.0.6:
  version "2.0.7"
  resolved "https://registry.npm.taobao.org/css-vendor/download/css-vendor-2.0.7.tgz#4e6d53d953c187981576d6a542acc9fb57174bda"
  integrity sha1-Tm1T2VPBh5gVdtalQqzJ+1cXS9o=
  dependencies:
    "@babel/runtime" "^7.6.2"
    is-in-browser "^1.0.2"

csstype@^2.2.0, csstype@^2.5.2, csstype@^2.6.5, csstype@^2.6.6:
  version "2.6.7"
  resolved "https://registry.npm.taobao.org/csstype/download/csstype-2.6.7.tgz?cache=0&other_urls=https%3A%2F%2Fregistry.npm.taobao.org%2Fcsstype%2Fdownload%2Fcsstype-2.6.7.tgz#20b0024c20b6718f4eda3853a1f5a1cce7f5e4a5"
  integrity sha1-ILACTCC2cY9O2jhTofWhzOf15KU=

deepmerge@^4.0.0:
  version "4.0.0"
  resolved "https://registry.npm.taobao.org/deepmerge/download/deepmerge-4.0.0.tgz?cache=0&sync_timestamp=1562601140019&other_urls=https%3A%2F%2Fregistry.npm.taobao.org%2Fdeepmerge%2Fdownload%2Fdeepmerge-4.0.0.tgz#3e3110ca29205f120d7cb064960a39c3d2087c09"
  integrity sha1-PjEQyikgXxINfLBklgo5w9IIfAk=

deepmerge@^4.1.1:
  version "4.1.1"
  resolved "https://registry.npm.taobao.org/deepmerge/download/deepmerge-4.1.1.tgz#ee0866e4019fe62c1276b9062d4c4803d9aea14c"
  integrity sha1-7ghm5AGf5iwSdrkGLUxIA9muoUw=

dom-helpers@^5.0.1:
  version "5.1.0"
  resolved "https://registry.npm.taobao.org/dom-helpers/download/dom-helpers-5.1.0.tgz#57a726de04abcc2a8bbfe664b3e21c584bde514e"
  integrity sha1-V6cm3gSrzCqLv+Zks+IcWEveUU4=
  dependencies:
    "@babel/runtime" "^7.5.5"
    csstype "^2.6.6"

hoist-non-react-statics@^3.2.1:
  version "3.3.0"
  resolved "https://registry.npm.taobao.org/hoist-non-react-statics/download/hoist-non-react-statics-3.3.0.tgz#b09178f0122184fb95acf525daaecb4d8f45958b"
  integrity sha1-sJF48BIhhPuVrPUl2q7LTY9FlYs=
  dependencies:
    react-is "^16.7.0"

hyphenate-style-name@^1.0.3:
  version "1.0.3"
  resolved "https://registry.npm.taobao.org/hyphenate-style-name/download/hyphenate-style-name-1.0.3.tgz#097bb7fa0b8f1a9cf0bd5c734cf95899981a9b48"
  integrity sha1-CXu3+guPGpzwvVxzTPlYmZgam0g=

is-in-browser@^1.0.2, is-in-browser@^1.1.3:
  version "1.1.3"
  resolved "https://registry.npm.taobao.org/is-in-browser/download/is-in-browser-1.1.3.tgz#56ff4db683a078c6082eb95dad7dc62e1d04f835"
  integrity sha1-Vv9NtoOgeMYILrldrX3GLh0E+DU=

is-plain-object@^3.0.0:
  version "3.0.0"
  resolved "https://registry.npm.taobao.org/is-plain-object/download/is-plain-object-3.0.0.tgz#47bfc5da1b5d50d64110806c199359482e75a928"
  integrity sha1-R7/F2htdUNZBEIBsGZNZSC51qSg=
  dependencies:
    isobject "^4.0.0"

isobject@^4.0.0:
  version "4.0.0"
  resolved "https://registry.npm.taobao.org/isobject/download/isobject-4.0.0.tgz#3f1c9155e73b192022a80819bacd0343711697b0"
  integrity sha1-PxyRVec7GSAiqAgZus0DQ3EWl7A=

"js-tokens@^3.0.0 || ^4.0.0":
  version "4.0.0"
  resolved "https://registry.npm.taobao.org/js-tokens/download/js-tokens-4.0.0.tgz#19203fb59991df98e3a287050d4647cdeaf32499"
  integrity sha1-GSA/tZmR35jjoocFDUZHzerzJJk=

jss-plugin-camel-case@^10.0.0:
  version "10.0.0"
  resolved "https://registry.npm.taobao.org/jss-plugin-camel-case/download/jss-plugin-camel-case-10.0.0.tgz#d601bae2e8e2041cc526add289dcd7062db0a248"
  integrity sha1-1gG64ujiBBzFJq3SidzXBi2wokg=
  dependencies:
    "@babel/runtime" "^7.3.1"
    hyphenate-style-name "^1.0.3"
    jss "10.0.0"

jss-plugin-default-unit@^10.0.0:
  version "10.0.0"
  resolved "https://registry.npm.taobao.org/jss-plugin-default-unit/download/jss-plugin-default-unit-10.0.0.tgz#601caf5f576fc0c66986fbe8a9aa37307a3a3ea3"
  integrity sha1-YByvX1dvwMZphvvoqao3MHo6PqM=
  dependencies:
    "@babel/runtime" "^7.3.1"
    jss "10.0.0"

jss-plugin-global@^10.0.0:
  version "10.0.0"
  resolved "https://registry.npm.taobao.org/jss-plugin-global/download/jss-plugin-global-10.0.0.tgz#0fed1b6461e0d57d6e394f877529009bc1cb3cb6"
  integrity sha1-D+0bZGHg1X1uOU+HdSkAm8HLPLY=
  dependencies:
    "@babel/runtime" "^7.3.1"
    jss "10.0.0"

jss-plugin-nested@^10.0.0:
  version "10.0.0"
  resolved "https://registry.npm.taobao.org/jss-plugin-nested/download/jss-plugin-nested-10.0.0.tgz#d37ecc013c3b0d0e4acc2b48f6b62da6ae53948b"
  integrity sha1-037MATw7DQ5KzCtI9rYtpq5TlIs=
  dependencies:
    "@babel/runtime" "^7.3.1"
    jss "10.0.0"
    tiny-warning "^1.0.2"

jss-plugin-props-sort@^10.0.0:
  version "10.0.0"
  resolved "https://registry.npm.taobao.org/jss-plugin-props-sort/download/jss-plugin-props-sort-10.0.0.tgz#38a13407384c2a4a7c026659488350669b953b18"
  integrity sha1-OKE0BzhMKkp8AmZZSINQZpuVOxg=
  dependencies:
    "@babel/runtime" "^7.3.1"
    jss "10.0.0"

jss-plugin-rule-value-function@^10.0.0:
  version "10.0.0"
  resolved "https://registry.npm.taobao.org/jss-plugin-rule-value-function/download/jss-plugin-rule-value-function-10.0.0.tgz#3ec1b781b7c86080136dbef6c36e91f20244b72e"
  integrity sha1-PsG3gbfIYIATbb72w26R8gJEty4=
  dependencies:
    "@babel/runtime" "^7.3.1"
    jss "10.0.0"

jss-plugin-vendor-prefixer@^10.0.0:
  version "10.0.0"
  resolved "https://registry.npm.taobao.org/jss-plugin-vendor-prefixer/download/jss-plugin-vendor-prefixer-10.0.0.tgz#400280535b0f483a9c78105afe4eee61b70018eb"
  integrity sha1-QAKAU1sPSDqceBBa/k7uYbcAGOs=
  dependencies:
    "@babel/runtime" "^7.3.1"
    css-vendor "^2.0.6"
    jss "10.0.0"

jss@10.0.0, jss@^10.0.0:
  version "10.0.0"
  resolved "https://registry.npm.taobao.org/jss/download/jss-10.0.0.tgz#998d5026c02accae15708de83bd6ba57bac977d2"
  integrity sha1-mY1QJsAqzK4VcI3oO9a6V7rJd9I=
  dependencies:
    "@babel/runtime" "^7.3.1"
    csstype "^2.6.5"
    is-in-browser "^1.1.3"
    tiny-warning "^1.0.2"

loose-envify@^1.4.0:
  version "1.4.0"
  resolved "https://registry.npm.taobao.org/loose-envify/download/loose-envify-1.4.0.tgz#71ee51fa7be4caec1a63839f7e682d8132d30caf"
  integrity sha1-ce5R+nvkyuwaY4OffmgtgTLTDK8=
  dependencies:
    js-tokens "^3.0.0 || ^4.0.0"

normalize-scroll-left@^0.2.0:
  version "0.2.0"
  resolved "https://registry.npm.taobao.org/normalize-scroll-left/download/normalize-scroll-left-0.2.0.tgz#9445d74275f303cc661e113329aefa492f58114c"
  integrity sha1-lEXXQnXzA8xmHhEzKa76SS9YEUw=

object-assign@^4.1.1:
  version "4.1.1"
  resolved "https://registry.npm.taobao.org/object-assign/download/object-assign-4.1.1.tgz#2109adc7965887cfc05cbbd442cac8bfbb360863"
  integrity sha1-IQmtx5ZYh8/AXLvUQsrIv7s2CGM=

popper.js@^1.14.1:
  version "1.15.0"
  resolved "https://registry.npm.taobao.org/popper.js/download/popper.js-1.15.0.tgz#5560b99bbad7647e9faa475c6b8056621f5a4ff2"
  integrity sha1-VWC5m7rXZH6fqkdca4BWYh9aT/I=

prop-types@^15.6.2, prop-types@^15.7.2:
  version "15.7.2"
  resolved "https://registry.npm.taobao.org/prop-types/download/prop-types-15.7.2.tgz#52c41e75b8c87e72b9d9360e0206b99dcbffa6c5"
  integrity sha1-UsQedbjIfnK52TYOAga5ncv/psU=
  dependencies:
    loose-envify "^1.4.0"
    object-assign "^4.1.1"
    react-is "^16.8.1"

react-is@^16.7.0, react-is@^16.8.1, react-is@^16.8.6:
  version "16.10.2"
  resolved "https://registry.npm.taobao.org/react-is/download/react-is-16.10.2.tgz?cache=0&sync_timestamp=1570137696201&other_urls=https%3A%2F%2Fregistry.npm.taobao.org%2Freact-is%2Fdownload%2Freact-is-16.10.2.tgz#984120fd4d16800e9a738208ab1fba422d23b5ab"
  integrity sha1-mEEg/U0WgA6ac4IIqx+6Qi0jtas=

react-transition-group@^4.3.0:
  version "4.3.0"
  resolved "https://registry.npm.taobao.org/react-transition-group/download/react-transition-group-4.3.0.tgz?cache=0&sync_timestamp=1567692891414&other_urls=https%3A%2F%2Fregistry.npm.taobao.org%2Freact-transition-group%2Fdownload%2Freact-transition-group-4.3.0.tgz#fea832e386cf8796c58b61874a3319704f5ce683"
  integrity sha1-/qgy44bPh5bFi2GHSjMZcE9c5oM=
  dependencies:
    "@babel/runtime" "^7.5.5"
    dom-helpers "^5.0.1"
    loose-envify "^1.4.0"
    prop-types "^15.6.2"

regenerator-runtime@^0.13.2:
  version "0.13.3"
  resolved "https://registry.npm.taobao.org/regenerator-runtime/download/regenerator-runtime-0.13.3.tgz#7cf6a77d8f5c6f60eb73c5fc1955b2ceb01e6bf5"
  integrity sha1-fPanfY9cb2Drc8X8GVWyzrAea/U=

tiny-warning@^1.0.2:
  version "1.0.3"
  resolved "https://registry.npm.taobao.org/tiny-warning/download/tiny-warning-1.0.3.tgz#94a30db453df4c643d0fd566060d60a875d84754"
  integrity sha1-lKMNtFPfTGQ9D9VmBg1gqHXYR1Q=
