# THIS IS AN AUTOGENERATED FILE. DO NOT EDIT THIS FILE DIRECTLY.
# yarn lockfile v1


"@babel/runtime@^7.3.1", "@babel/runtime@^7.4.4", "@babel/runtime@^7.5.5":
  version "7.6.0"
  resolved "https://registry.npm.taobao.org/@babel/runtime/download/@babel/runtime-7.6.0.tgz#4fc1d642a9fd0299754e8b5de62c631cf5568205"
  integrity sha1-T8HWQqn9Apl1Totd5ixjHPVWggU=
  dependencies:
    regenerator-runtime "^0.13.2"

"@emotion/hash@^0.7.1":
  version "0.7.2"
  resolved "https://registry.npm.taobao.org/@emotion/hash/download/@emotion/hash-0.7.2.tgz#53211e564604beb9befa7a4400ebf8147473eeef"
  integrity sha1-UyEeVkYEvrm++npEAOv4FHRz7u8=

"@material-ui/core@^4.4.2":
  version "4.4.2"
  resolved "https://registry.yarnpkg.com/@material-ui/core/-/core-4.4.2.tgz#66a9423e533833d2867827e6fdf526adbdceb7c0"
  integrity sha512-hnZ4SP/hWJ9sUoNMkStz/y/CL2c7j4JpVIB2py3+vpBFU9TgHL3noBk3Fr0gltRvvlYA9ekpiGsGZ2ukk1R7Eg==
  dependencies:
    "@babel/runtime" "^7.4.4"
    "@material-ui/styles" "^4.4.1"
    "@material-ui/system" "^4.3.3"
    "@material-ui/types" "^4.1.1"
    "@material-ui/utils" "^4.4.0"
    "@types/react-transition-group" "^4.2.0"
    clsx "^1.0.2"
    convert-css-length "^2.0.1"
    deepmerge "^4.0.0"
    hoist-non-react-statics "^3.2.1"
    is-plain-object "^3.0.0"
    normalize-scroll-left "^0.2.0"
    popper.js "^1.14.1"
    prop-types "^15.7.2"
    react-transition-group "^4.0.0"
    warning "^4.0.1"

"@material-ui/styles@^4.4.1":
  version "4.4.1"
  resolved "https://registry.npm.taobao.org/@material-ui/styles/download/@material-ui/styles-4.4.1.tgz#a53fb39e373636bd2c296a78c54afecb80f68446"
  integrity sha1-pT+znjc2Nr0sKWp4xUr+y4D2hEY=
  dependencies:
    "@babel/runtime" "^7.4.4"
    "@emotion/hash" "^0.7.1"
    "@material-ui/types" "^4.1.1"
    "@material-ui/utils" "^4.1.0"
    clsx "^1.0.2"
    csstype "^2.5.2"
    deepmerge "^4.0.0"
    hoist-non-react-statics "^3.2.1"
    jss "10.0.0-alpha.24"
    jss-plugin-camel-case "10.0.0-alpha.24"
    jss-plugin-default-unit "10.0.0-alpha.24"
    jss-plugin-global "10.0.0-alpha.24"
    jss-plugin-nested "10.0.0-alpha.24"
    jss-plugin-props-sort "10.0.0-alpha.24"
    jss-plugin-rule-value-function "10.0.0-alpha.24"
    jss-plugin-vendor-prefixer "10.0.0-alpha.24"
    prop-types "^15.7.2"
    warning "^4.0.1"

"@material-ui/system@^4.3.3":
  version "4.3.3"
  resolved "https://registry.npm.taobao.org/@material-ui/system/download/@material-ui/system-4.3.3.tgz#8534fe76adbd3938a8dea833e69d84a7a143ecff"
  integrity sha1-hTT+dq29OTio3qgz5p2Ep6FD7P8=
  dependencies:
    "@babel/runtime" "^7.4.4"
    deepmerge "^4.0.0"
    prop-types "^15.7.2"
    warning "^4.0.1"

"@material-ui/types@^4.1.1":
  version "4.1.1"
  resolved "https://registry.npm.taobao.org/@material-ui/types/download/@material-ui/types-4.1.1.tgz#b65e002d926089970a3271213a3ad7a21b17f02b"
  integrity sha1-tl4ALZJgiZcKMnEhOjrXohsX8Cs=
  dependencies:
    "@types/react" "*"

"@material-ui/utils@^4.1.0", "@material-ui/utils@^4.4.0":
  version "4.4.0"
  resolved "https://registry.npm.taobao.org/@material-ui/utils/download/@material-ui/utils-4.4.0.tgz#9275421e2798a067850d201212d46f12725828ad"
  integrity sha1-knVCHieYoGeFDSASEtRvEnJYKK0=
  dependencies:
    "@babel/runtime" "^7.4.4"
    prop-types "^15.7.2"
    react-is "^16.8.6"

"@types/node@^12.7.5":
  version "12.7.5"
  resolved "https://registry.yarnpkg.com/@types/node/-/node-12.7.5.tgz#e19436e7f8e9b4601005d73673b6dc4784ffcc2f"
  integrity sha512-9fq4jZVhPNW8r+UYKnxF1e2HkDWOWKM5bC2/7c9wPV835I0aOrVbS/Hw/pWPk2uKrNXQqg9Z959Kz+IYDd5p3w==

"@types/prop-types@*":
  version "15.7.2"
  resolved "https://registry.npm.taobao.org/@types/prop-types/download/@types/prop-types-15.7.2.tgz#0e58ae66773d7fd7c372a493aff740878ec9ceaa"
  integrity sha1-DliuZnc9f9fDcqSTr/dAh47Jzqo=

"@types/react-transition-group@^4.2.0":
  version "4.2.2"
  resolved "https://registry.npm.taobao.org/@types/react-transition-group/download/@types/react-transition-group-4.2.2.tgz#8c851c4598a23a3a34173069fb4c5c9e41c02e3f"
  integrity sha1-jIUcRZiiOjo0FzBp+0xcnkHALj8=
  dependencies:
    "@types/react" "*"

"@types/react@*":
  version "16.9.2"
  resolved "https://registry.npm.taobao.org/@types/react/download/@types/react-16.9.2.tgz?cache=0&sync_timestamp=1567535698217&other_urls=https%3A%2F%2Fregistry.npm.taobao.org%2F%40types%2Freact%2Fdownload%2F%40types%2Freact-16.9.2.tgz#6d1765431a1ad1877979013906731aae373de268"
  integrity sha1-bRdlQxoa0Yd5eQE5BnMarjc94mg=
  dependencies:
    "@types/prop-types" "*"
    csstype "^2.2.0"

clsx@^1.0.2:
  version "1.0.4"
  resolved "https://registry.npm.taobao.org/clsx/download/clsx-1.0.4.tgz#0c0171f6d5cb2fe83848463c15fcc26b4df8c2ec"
  integrity sha1-DAFx9tXLL+g4SEY8FfzCa034wuw=

convert-css-length@^2.0.1:
  version "2.0.1"
  resolved "https://registry.npm.taobao.org/convert-css-length/download/convert-css-length-2.0.1.tgz#90a76bde5bfd24d72881a5b45d02249b2c1d257c"
  integrity sha1-kKdr3lv9JNcogaW0XQIkmywdJXw=

css-vendor@^2.0.5:
  version "2.0.6"
  resolved "https://registry.npm.taobao.org/css-vendor/download/css-vendor-2.0.6.tgz#a205f73d7562e8728c86ef6ce5ee7c7e5eefd71b"
  integrity sha1-ogX3PXVi6HKMhu9s5e58fl7v1xs=
  dependencies:
    "@babel/runtime" "^7.5.5"
    is-in-browser "^1.0.2"

csstype@^2.2.0, csstype@^2.5.2, csstype@^2.6.5, csstype@^2.6.6:
  version "2.6.6"
  resolved "https://registry.npm.taobao.org/csstype/download/csstype-2.6.6.tgz?cache=0&other_urls=https%3A%2F%2Fregistry.npm.taobao.org%2Fcsstype%2Fdownload%2Fcsstype-2.6.6.tgz#c34f8226a94bbb10c32cc0d714afdf942291fc41"
  integrity sha1-w0+CJqlLuxDDLMDXFK/flCKR/EE=

deepmerge@^4.0.0:
  version "4.0.0"
  resolved "https://registry.npm.taobao.org/deepmerge/download/deepmerge-4.0.0.tgz#3e3110ca29205f120d7cb064960a39c3d2087c09"
  integrity sha1-PjEQyikgXxINfLBklgo5w9IIfAk=

dom-helpers@^5.0.1:
  version "5.1.0"
  resolved "https://registry.npm.taobao.org/dom-helpers/download/dom-helpers-5.1.0.tgz#57a726de04abcc2a8bbfe664b3e21c584bde514e"
  integrity sha1-V6cm3gSrzCqLv+Zks+IcWEveUU4=
  dependencies:
    "@babel/runtime" "^7.5.5"
    csstype "^2.6.6"

hoist-non-react-statics@^3.2.1:
  version "3.3.0"
  resolved "https://registry.npm.taobao.org/hoist-non-react-statics/download/hoist-non-react-statics-3.3.0.tgz#b09178f0122184fb95acf525daaecb4d8f45958b"
  integrity sha1-sJF48BIhhPuVrPUl2q7LTY9FlYs=
  dependencies:
    react-is "^16.7.0"

hyphenate-style-name@^1.0.3:
  version "1.0.3"
  resolved "https://registry.npm.taobao.org/hyphenate-style-name/download/hyphenate-style-name-1.0.3.tgz#097bb7fa0b8f1a9cf0bd5c734cf95899981a9b48"
  integrity sha1-CXu3+guPGpzwvVxzTPlYmZgam0g=

is-in-browser@^1.0.2, is-in-browser@^1.1.3:
  version "1.1.3"
  resolved "https://registry.npm.taobao.org/is-in-browser/download/is-in-browser-1.1.3.tgz#56ff4db683a078c6082eb95dad7dc62e1d04f835"
  integrity sha1-Vv9NtoOgeMYILrldrX3GLh0E+DU=

is-plain-object@^3.0.0:
  version "3.0.0"
  resolved "https://registry.npm.taobao.org/is-plain-object/download/is-plain-object-3.0.0.tgz#47bfc5da1b5d50d64110806c199359482e75a928"
  integrity sha1-R7/F2htdUNZBEIBsGZNZSC51qSg=
  dependencies:
    isobject "^4.0.0"

isobject@^4.0.0:
  version "4.0.0"
  resolved "https://registry.npm.taobao.org/isobject/download/isobject-4.0.0.tgz#3f1c9155e73b192022a80819bacd0343711697b0"
  integrity sha1-PxyRVec7GSAiqAgZus0DQ3EWl7A=

"js-tokens@^3.0.0 || ^4.0.0":
  version "4.0.0"
  resolved "https://registry.npm.taobao.org/js-tokens/download/js-tokens-4.0.0.tgz#19203fb59991df98e3a287050d4647cdeaf32499"
  integrity sha1-GSA/tZmR35jjoocFDUZHzerzJJk=

jss-plugin-camel-case@10.0.0-alpha.24:
  version "10.0.0-alpha.24"
  resolved "https://registry.npm.taobao.org/jss-plugin-camel-case/download/jss-plugin-camel-case-10.0.0-alpha.24.tgz#579a48989d2628ee8baaa006449b1b82d32ee27e"
  integrity sha1-V5pImJ0mKO6LqqAGRJsbgtMu4n4=
  dependencies:
    "@babel/runtime" "^7.3.1"
    hyphenate-style-name "^1.0.3"
    jss "10.0.0-alpha.24"

jss-plugin-default-unit@10.0.0-alpha.24:
  version "10.0.0-alpha.24"
  resolved "https://registry.npm.taobao.org/jss-plugin-default-unit/download/jss-plugin-default-unit-10.0.0-alpha.24.tgz#3e6e24e8ec7aaa950c8975f1645ea861b8aa338e"
  integrity sha1-Pm4k6Ox6qpUMiXXxZF6oYbiqM44=
  dependencies:
    "@babel/runtime" "^7.3.1"
    jss "10.0.0-alpha.24"

jss-plugin-global@10.0.0-alpha.24:
  version "10.0.0-alpha.24"
  resolved "https://registry.npm.taobao.org/jss-plugin-global/download/jss-plugin-global-10.0.0-alpha.24.tgz#a53e2028d0cb073661e8213f2e622fef9ef4b1fa"
  integrity sha1-pT4gKNDLBzZh6CE/LmIv7570sfo=
  dependencies:
    "@babel/runtime" "^7.3.1"
    jss "10.0.0-alpha.24"

jss-plugin-nested@10.0.0-alpha.24:
  version "10.0.0-alpha.24"
  resolved "https://registry.npm.taobao.org/jss-plugin-nested/download/jss-plugin-nested-10.0.0-alpha.24.tgz#f1b4a0bd1050e29d627c9bc2dc0f424c35f0aa44"
  integrity sha1-8bSgvRBQ4p1ifJvC3A9CTDXwqkQ=
  dependencies:
    "@babel/runtime" "^7.3.1"
    jss "10.0.0-alpha.24"
    tiny-warning "^1.0.2"

jss-plugin-props-sort@10.0.0-alpha.24:
  version "10.0.0-alpha.24"
  resolved "https://registry.npm.taobao.org/jss-plugin-props-sort/download/jss-plugin-props-sort-10.0.0-alpha.24.tgz#e309e286004b6e059c373efaa308b8742e22ec16"
  integrity sha1-4wnihgBLbgWcNz76owi4dC4i7BY=
  dependencies:
    "@babel/runtime" "^7.3.1"
    jss "10.0.0-alpha.24"

jss-plugin-rule-value-function@10.0.0-alpha.24:
  version "10.0.0-alpha.24"
  resolved "https://registry.npm.taobao.org/jss-plugin-rule-value-function/download/jss-plugin-rule-value-function-10.0.0-alpha.24.tgz#85bfd5f994647cb4bf2237d18232421ea362665c"
  integrity sha1-hb/V+ZRkfLS/IjfRgjJCHqNiZlw=
  dependencies:
    "@babel/runtime" "^7.3.1"
    jss "10.0.0-alpha.24"

jss-plugin-vendor-prefixer@10.0.0-alpha.24:
  version "10.0.0-alpha.24"
  resolved "https://registry.npm.taobao.org/jss-plugin-vendor-prefixer/download/jss-plugin-vendor-prefixer-10.0.0-alpha.24.tgz#c4c2c28667d3c7c0d9a01ca1f7a2f74367d1ceef"
  integrity sha1-xMLChmfTx8DZoByh96L3Q2fRzu8=
  dependencies:
    "@babel/runtime" "^7.3.1"
    css-vendor "^2.0.5"
    jss "10.0.0-alpha.24"

jss@10.0.0-alpha.24:
  version "10.0.0-alpha.24"
  resolved "https://registry.npm.taobao.org/jss/download/jss-10.0.0-alpha.24.tgz#f8e2044b6b2f034db05a685d99c599095baf8b61"
  integrity sha1-+OIES2svA02wWmhdmcWZCVuvi2E=
  dependencies:
    "@babel/runtime" "^7.3.1"
    csstype "^2.6.5"
    is-in-browser "^1.1.3"
    tiny-warning "^1.0.2"

loose-envify@^1.0.0, loose-envify@^1.4.0:
  version "1.4.0"
  resolved "https://registry.npm.taobao.org/loose-envify/download/loose-envify-1.4.0.tgz#71ee51fa7be4caec1a63839f7e682d8132d30caf"
  integrity sha1-ce5R+nvkyuwaY4OffmgtgTLTDK8=
  dependencies:
    js-tokens "^3.0.0 || ^4.0.0"

normalize-scroll-left@^0.2.0:
  version "0.2.0"
  resolved "https://registry.npm.taobao.org/normalize-scroll-left/download/normalize-scroll-left-0.2.0.tgz#9445d74275f303cc661e113329aefa492f58114c"
  integrity sha1-lEXXQnXzA8xmHhEzKa76SS9YEUw=

object-assign@^4.1.1:
  version "4.1.1"
  resolved "https://registry.npm.taobao.org/object-assign/download/object-assign-4.1.1.tgz#2109adc7965887cfc05cbbd442cac8bfbb360863"
  integrity sha1-IQmtx5ZYh8/AXLvUQsrIv7s2CGM=

popper.js@^1.14.1:
  version "1.15.0"
  resolved "https://registry.npm.taobao.org/popper.js/download/popper.js-1.15.0.tgz#5560b99bbad7647e9faa475c6b8056621f5a4ff2"
  integrity sha1-VWC5m7rXZH6fqkdca4BWYh9aT/I=

prop-types@^15.6.2, prop-types@^15.7.2:
  version "15.7.2"
  resolved "https://registry.npm.taobao.org/prop-types/download/prop-types-15.7.2.tgz#52c41e75b8c87e72b9d9360e0206b99dcbffa6c5"
  integrity sha1-UsQedbjIfnK52TYOAga5ncv/psU=
  dependencies:
    loose-envify "^1.4.0"
    object-assign "^4.1.1"
    react-is "^16.8.1"

react-is@^16.7.0, react-is@^16.8.1, react-is@^16.8.6:
  version "16.9.0"
  resolved "https://registry.npm.taobao.org/react-is/download/react-is-16.9.0.tgz?cache=0&sync_timestamp=1568420695668&other_urls=https%3A%2F%2Fregistry.npm.taobao.org%2Freact-is%2Fdownload%2Freact-is-16.9.0.tgz#21ca9561399aad0ff1a7701c01683e8ca981edcb"
  integrity sha1-IcqVYTmarQ/xp3AcAWg+jKmB7cs=

react-transition-group@^4.0.0:
  version "4.3.0"
  resolved "https://registry.npm.taobao.org/react-transition-group/download/react-transition-group-4.3.0.tgz#fea832e386cf8796c58b61874a3319704f5ce683"
  integrity sha1-/qgy44bPh5bFi2GHSjMZcE9c5oM=
  dependencies:
    "@babel/runtime" "^7.5.5"
    dom-helpers "^5.0.1"
    loose-envify "^1.4.0"
    prop-types "^15.6.2"

regenerator-runtime@^0.13.2:
  version "0.13.3"
  resolved "https://registry.npm.taobao.org/regenerator-runtime/download/regenerator-runtime-0.13.3.tgz?cache=0&other_urls=https%3A%2F%2Fregistry.npm.taobao.org%2Fregenerator-runtime%2Fdownload%2Fregenerator-runtime-0.13.3.tgz#7cf6a77d8f5c6f60eb73c5fc1955b2ceb01e6bf5"
  integrity sha1-fPanfY9cb2Drc8X8GVWyzrAea/U=

tiny-warning@^1.0.2:
  version "1.0.3"
  resolved "https://registry.npm.taobao.org/tiny-warning/download/tiny-warning-1.0.3.tgz?cache=0&sync_timestamp=1562634862962&other_urls=https%3A%2F%2Fregistry.npm.taobao.org%2Ftiny-warning%2Fdownload%2Ftiny-warning-1.0.3.tgz#94a30db453df4c643d0fd566060d60a875d84754"
  integrity sha1-lKMNtFPfTGQ9D9VmBg1gqHXYR1Q=

warning@^4.0.1:
  version "4.0.3"
  resolved "https://registry.npm.taobao.org/warning/download/warning-4.0.3.tgz#16e9e077eb8a86d6af7d64aa1e05fd85b4678ca3"
  integrity sha1-Fungd+uKhtavfWSqHgX9hbRnjKM=
  dependencies:
    loose-envify "^1.0.0"
