# THIS IS AN AUTOGENERATED FILE. DO NOT EDIT THIS FILE DIRECTLY.
# yarn lockfile v1


"@types/node@^12.6.9":
  version "12.6.9"
  resolved "https://registry.npm.taobao.org/@types/node/download/@types/node-12.6.9.tgz?cache=0&other_urls=https%3A%2F%2Fregistry.npm.taobao.org%2F%40types%2Fnode%2Fdownload%2F%40types%2Fnode-12.6.9.tgz#ffeee23afdc19ab16e979338e7b536fdebbbaeaf"
  integrity sha1-/+7iOv3BmrFul5M457U2/eu7rq8=

"@types/prop-types@*":
  version "15.7.1"
  resolved "https://registry.npm.taobao.org/@types/prop-types/download/@types/prop-types-15.7.1.tgz#f1a11e7babb0c3cad68100be381d1e064c68f1f6"
  integrity sha1-8aEee6uww8rWgQC+OB0eBkxo8fY=

"@types/react@^16.8.24":
  version "16.8.24"
  resolved "https://registry.npm.taobao.org/@types/react/download/@types/react-16.8.24.tgz#8d1ea1fcbfa214220da3d3c04e506f1077b0deac"
  integrity sha1-jR6h/L+iFCINo9PATlBvEHew3qw=
  dependencies:
    "@types/prop-types" "*"
    csstype "^2.2.0"

csstype@^2.2.0:
  version "2.6.6"
  resolved "https://registry.npm.taobao.org/csstype/download/csstype-2.6.6.tgz#c34f8226a94bbb10c32cc0d714afdf942291fc41"
  integrity sha1-w0+CJqlLuxDDLMDXFK/flCKR/EE=

events@^3.0.0:
  version "3.0.0"
  resolved "https://registry.npm.taobao.org/events/download/events-3.0.0.tgz#9a0a0dfaf62893d92b875b8f2698ca4114973e88"
  integrity sha1-mgoN+vYok9krh1uPJpjKQRSXPog=
