# THIS IS AN AUTOGENERATED FILE. DO NOT EDIT THIS FILE DIRECTLY.
# yarn lockfile v1


"@types/node@^12.7.12":
  version "12.7.12"
  resolved "https://registry.npm.taobao.org/@types/node/download/@types/node-12.7.12.tgz#7c6c571cc2f3f3ac4a59a5f2bd48f5bdbc8653cc"
  integrity sha1-fGxXHMLz86xKWaXyvUj1vbyGU8w=

"@types/prop-types@*":
  version "15.7.3"
  resolved "https://registry.npm.taobao.org/@types/prop-types/download/@types/prop-types-15.7.3.tgz#2ab0d5da2e5815f94b0b9d4b95d1e5f243ab2ca7"
  integrity sha1-KrDV2i5YFflLC51LldHl8kOrLKc=

"@types/react@^16.9.5":
  version "16.9.5"
  resolved "https://registry.npm.taobao.org/@types/react/download/@types/react-16.9.5.tgz#079dabd918b19b32118c25fd00a786bb6d0d5e51"
  integrity sha1-B52r2RixmzIRjCX9AKeGu20NXlE=
  dependencies:
    "@types/prop-types" "*"
    csstype "^2.2.0"

csstype@^2.2.0:
  version "2.6.7"
  resolved "https://registry.npm.taobao.org/csstype/download/csstype-2.6.7.tgz?cache=0&other_urls=https%3A%2F%2Fregistry.npm.taobao.org%2Fcsstype%2Fdownload%2Fcsstype-2.6.7.tgz#20b0024c20b6718f4eda3853a1f5a1cce7f5e4a5"
  integrity sha1-ILACTCC2cY9O2jhTofWhzOf15KU=

events@^3.0.0:
  version "3.0.0"
  resolved "https://registry.npm.taobao.org/events/download/events-3.0.0.tgz#9a0a0dfaf62893d92b875b8f2698ca4114973e88"
  integrity sha1-mgoN+vYok9krh1uPJpjKQRSXPog=
