# THIS IS AN AUTOGENERATED FILE. DO NOT EDIT THIS FILE DIRECTLY.
# yarn lockfile v1


"@types/node@^12.11.1":
  version "12.11.1"
  resolved "https://registry.npm.taobao.org/@types/node/download/@types/node-12.11.1.tgz#1fd7b821f798b7fa29f667a1be8f3442bb8922a3"
  integrity sha1-H9e4IfeYt/op9mehvo80QruJIqM=
