# THIS IS AN AUTOGENERATED FILE. DO NOT EDIT THIS FILE DIRECTLY.
# yarn lockfile v1


"@babel/runtime@^7.3.1":
  version "7.5.5"
  resolved "https://registry.npm.taobao.org/@babel/runtime/download/@babel/runtime-7.5.5.tgz#74fba56d35efbeca444091c7850ccd494fd2f132"
  integrity sha1-dPulbTXvvspEQJHHhQzNSU/S8TI=
  dependencies:
    regenerator-runtime "^0.13.2"

"@types/node@^12.7.5":
  version "12.7.5"
  resolved "https://registry.yarnpkg.com/@types/node/-/node-12.7.5.tgz#e19436e7f8e9b4601005d73673b6dc4784ffcc2f"
  integrity sha512-9fq4jZVhPNW8r+UYKnxF1e2HkDWOWKM5bC2/7c9wPV835I0aOrVbS/Hw/pWPk2uKrNXQqg9Z959Kz+IYDd5p3w==

deepmerge@^4.0.0:
  version "4.0.0"
  resolved "https://registry.npm.taobao.org/deepmerge/download/deepmerge-4.0.0.tgz?cache=0&sync_timestamp=1562601140019&other_urls=https%3A%2F%2Fregistry.npm.taobao.org%2Fdeepmerge%2Fdownload%2Fdeepmerge-4.0.0.tgz#3e3110ca29205f120d7cb064960a39c3d2087c09"
  integrity sha1-PjEQyikgXxINfLBklgo5w9IIfAk=

html-parse-stringify2@2.0.1:
  version "2.0.1"
  resolved "https://registry.npm.taobao.org/html-parse-stringify2/download/html-parse-stringify2-2.0.1.tgz#dc5670b7292ca158b7bc916c9a6735ac8872834a"
  integrity sha1-3FZwtyksoVi3vJFsmmc1rIhyg0o=
  dependencies:
    void-elements "^2.0.1"

i18next-browser-languagedetector@^3.0.3:
  version "3.0.3"
  resolved "https://registry.npm.taobao.org/i18next-browser-languagedetector/download/i18next-browser-languagedetector-3.0.3.tgz?cache=0&sync_timestamp=1565254536091&other_urls=https%3A%2F%2Fregistry.npm.taobao.org%2Fi18next-browser-languagedetector%2Fdownload%2Fi18next-browser-languagedetector-3.0.3.tgz#879ebe421685c70cc5cfa96191364a35ea7da742"
  integrity sha1-h56+QhaFxwzFz6lhkTZKNep9p0I=

i18next-fetch-backend@^2.2.0:
  version "2.2.0"
  resolved "https://registry.npm.taobao.org/i18next-fetch-backend/download/i18next-fetch-backend-2.2.0.tgz#39ff6578596e0122e80692e04d7897ee373607d6"
  integrity sha1-Of9leFluASLoBpLgTXiX7jc2B9Y=

i18next@^17.0.16:
  version "17.0.16"
  resolved "https://registry.yarnpkg.com/i18next/-/i18next-17.0.16.tgz#4bee0f84d6c79db3095f4eca6ded7920eea6b139"
  integrity sha512-PtPiycw8H/45AAy2nuS3Ehov1X9k5V/gTJ89Uh8VAA3dx8EbsWwyP3c25fd4PWlLUey3YbRLTNPbre/dPho8Og==
  dependencies:
    "@babel/runtime" "^7.3.1"

react-i18next@^10.12.5:
  version "10.12.5"
  resolved "https://registry.yarnpkg.com/react-i18next/-/react-i18next-10.12.5.tgz#b52ccf76bfafddd6f006d7784b2cb802076f724f"
  integrity sha512-bWVldjtKy5Tb7gsYF1E1Q7s1aEvTFigFZXH5wR8PYe7xPpK3ed6duGLiBRUVNCYGaydFsdVnju7A8wan/Nj3Vg==
  dependencies:
    "@babel/runtime" "^7.3.1"
    html-parse-stringify2 "2.0.1"

regenerator-runtime@^0.13.2:
  version "0.13.3"
  resolved "https://registry.npm.taobao.org/regenerator-runtime/download/regenerator-runtime-0.13.3.tgz?cache=0&other_urls=https%3A%2F%2Fregistry.npm.taobao.org%2Fregenerator-runtime%2Fdownload%2Fregenerator-runtime-0.13.3.tgz#7cf6a77d8f5c6f60eb73c5fc1955b2ceb01e6bf5"
  integrity sha1-fPanfY9cb2Drc8X8GVWyzrAea/U=

void-elements@^2.0.1:
  version "2.0.1"
  resolved "https://registry.npm.taobao.org/void-elements/download/void-elements-2.0.1.tgz#c066afb582bb1cb4128d60ea92392e94d5e9dbec"
  integrity sha1-wGavtYK7HLQSjWDqkjkulNXp2+w=
