# THIS IS AN AUTOGENERATED FILE. DO NOT EDIT THIS FILE DIRECTLY.
# yarn lockfile v1


"@types/node@^12.12.9":
  version "12.12.9"
  resolved "https://registry.npm.taobao.org/@types/node/download/@types/node-12.12.9.tgz?cache=0&sync_timestamp=1574110299101&other_urls=https%3A%2F%2Fregistry.npm.taobao.org%2F%40types%2Fnode%2Fdownload%2F%40types%2Fnode-12.12.9.tgz#0b5ae05516b757cbff2e82c04500190aef986c7b"
  integrity sha1-C1rgVRa3V8v/LoLARQAZCu+YbHs=

events@^3.0.0:
  version "3.0.0"
  resolved "https://registry.npm.taobao.org/events/download/events-3.0.0.tgz#9a0a0dfaf62893d92b875b8f2698ca4114973e88"
  integrity sha1-mgoN+vYok9krh1uPJpjKQRSXPog=
