# THIS IS AN AUTOGENERATED FILE. DO NOT EDIT THIS FILE DIRECTLY.
# yarn lockfile v1


"@types/history@*":
  version "4.7.3"
  resolved "https://registry.npm.taobao.org/@types/history/download/@types/history-4.7.3.tgz#856c99cdc1551d22c22b18b5402719affec9839a"
  integrity sha1-hWyZzcFVHSLCKxi1QCcZr/7Jg5o=

"@types/node@^12.11.1":
  version "12.11.1"
  resolved "https://registry.npm.taobao.org/@types/node/download/@types/node-12.11.1.tgz#1fd7b821f798b7fa29f667a1be8f3442bb8922a3"
  integrity sha1-H9e4IfeYt/op9mehvo80QruJIqM=

"@types/prop-types@*":
  version "15.7.3"
  resolved "https://registry.npm.taobao.org/@types/prop-types/download/@types/prop-types-15.7.3.tgz#2ab0d5da2e5815f94b0b9d4b95d1e5f243ab2ca7"
  integrity sha1-KrDV2i5YFflLC51LldHl8kOrLKc=

"@types/react-router-dom@^5.1.0":
  version "5.1.0"
  resolved "https://registry.npm.taobao.org/@types/react-router-dom/download/@types/react-router-dom-5.1.0.tgz#8baa84a7fa8c8e7797fb3650ca51f93038cb4caf"
  integrity sha1-i6qEp/qMjneX+zZQylH5MDjLTK8=
  dependencies:
    "@types/history" "*"
    "@types/react" "*"
    "@types/react-router" "*"

"@types/react-router@*":
  version "5.1.1"
  resolved "https://registry.npm.taobao.org/@types/react-router/download/@types/react-router-5.1.1.tgz#e0b827556abc70da3473d05daf074c839d6852aa"
  integrity sha1-4LgnVWq8cNo0c9BdrwdMg51oUqo=
  dependencies:
    "@types/history" "*"
    "@types/react" "*"

"@types/react@*":
  version "16.9.5"
  resolved "https://registry.npm.taobao.org/@types/react/download/@types/react-16.9.5.tgz#079dabd918b19b32118c25fd00a786bb6d0d5e51"
  integrity sha1-B52r2RixmzIRjCX9AKeGu20NXlE=
  dependencies:
    "@types/prop-types" "*"
    csstype "^2.2.0"

"@types/react@^16.9.9":
  version "16.9.9"
  resolved "https://registry.npm.taobao.org/@types/react/download/@types/react-16.9.9.tgz?cache=0&other_urls=https%3A%2F%2Fregistry.npm.taobao.org%2F%40types%2Freact%2Fdownload%2F%40types%2Freact-16.9.9.tgz#a62c6f40f04bc7681be5e20975503a64fe783c3a"
  integrity sha1-pixvQPBLx2gb5eIJdVA6ZP54PDo=
  dependencies:
    "@types/prop-types" "*"
    csstype "^2.2.0"

csstype@^2.2.0:
  version "2.6.7"
  resolved "https://registry.npm.taobao.org/csstype/download/csstype-2.6.7.tgz?cache=0&other_urls=https%3A%2F%2Fregistry.npm.taobao.org%2Fcsstype%2Fdownload%2Fcsstype-2.6.7.tgz#20b0024c20b6718f4eda3853a1f5a1cce7f5e4a5"
  integrity sha1-ILACTCC2cY9O2jhTofWhzOf15KU=
