# THIS IS AN AUTOGENERATED FILE. DO NOT EDIT THIS FILE DIRECTLY.
# yarn lockfile v1


"@types/history@*":
  version "4.7.3"
  resolved "https://registry.npm.taobao.org/@types/history/download/@types/history-4.7.3.tgz#856c99cdc1551d22c22b18b5402719affec9839a"
  integrity sha1-hWyZzcFVHSLCKxi1QCcZr/7Jg5o=

"@types/node@^12.12.9":
  version "12.12.9"
  resolved "https://registry.npm.taobao.org/@types/node/download/@types/node-12.12.9.tgz?cache=0&sync_timestamp=1574110299101&other_urls=https%3A%2F%2Fregistry.npm.taobao.org%2F%40types%2Fnode%2Fdownload%2F%40types%2Fnode-12.12.9.tgz#0b5ae05516b757cbff2e82c04500190aef986c7b"
  integrity sha1-C1rgVRa3V8v/LoLARQAZCu+YbHs=

"@types/prop-types@*":
  version "15.7.3"
  resolved "https://registry.npm.taobao.org/@types/prop-types/download/@types/prop-types-15.7.3.tgz#2ab0d5da2e5815f94b0b9d4b95d1e5f243ab2ca7"
  integrity sha1-KrDV2i5YFflLC51LldHl8kOrLKc=

"@types/react-router-dom@^5.1.2":
  version "5.1.2"
  resolved "https://registry.npm.taobao.org/@types/react-router-dom/download/@types/react-router-dom-5.1.2.tgz#853f229f1f297513c0be84f7c914a08b778cfdf5"
  integrity sha1-hT8inx8pdRPAvoT3yRSgi3eM/fU=
  dependencies:
    "@types/history" "*"
    "@types/react" "*"
    "@types/react-router" "*"

"@types/react-router@*":
  version "5.1.1"
  resolved "https://registry.npm.taobao.org/@types/react-router/download/@types/react-router-5.1.1.tgz#e0b827556abc70da3473d05daf074c839d6852aa"
  integrity sha1-4LgnVWq8cNo0c9BdrwdMg51oUqo=
  dependencies:
    "@types/history" "*"
    "@types/react" "*"

"@types/react@*":
  version "16.9.5"
  resolved "https://registry.npm.taobao.org/@types/react/download/@types/react-16.9.5.tgz#079dabd918b19b32118c25fd00a786bb6d0d5e51"
  integrity sha1-B52r2RixmzIRjCX9AKeGu20NXlE=
  dependencies:
    "@types/prop-types" "*"
    csstype "^2.2.0"

"@types/react@^16.9.11":
  version "16.9.11"
  resolved "https://registry.npm.taobao.org/@types/react/download/@types/react-16.9.11.tgz#70e0b7ad79058a7842f25ccf2999807076ada120"
  integrity sha1-cOC3rXkFinhC8lzPKZmAcHatoSA=
  dependencies:
    "@types/prop-types" "*"
    csstype "^2.2.0"

csstype@^2.2.0:
  version "2.6.7"
  resolved "https://registry.npm.taobao.org/csstype/download/csstype-2.6.7.tgz?cache=0&other_urls=https%3A%2F%2Fregistry.npm.taobao.org%2Fcsstype%2Fdownload%2Fcsstype-2.6.7.tgz#20b0024c20b6718f4eda3853a1f5a1cce7f5e4a5"
  integrity sha1-ILACTCC2cY9O2jhTofWhzOf15KU=
