# THIS IS AN AUTOGENERATED FILE. DO NOT EDIT THIS FILE DIRECTLY.
# yarn lockfile v1


boolbase@~1.0.0:
  version "1.0.0"
  resolved "https://registry.npm.taobao.org/boolbase/download/boolbase-1.0.0.tgz#68dff5fbe60c51eb37725ea9e3ed310dcc1e776e"
  integrity sha1-aN/1++YMUes3cl6p4+0xDcwed24=

camel-case@^3.0.0:
  version "3.0.0"
  resolved "https://registry.npm.taobao.org/camel-case/download/camel-case-3.0.0.tgz#ca3c3688a4e9cf3a4cda777dc4dcbc713249cf73"
  integrity sha1-yjw2iKTpzzpM2nd9xNy8cTJJz3M=
  dependencies:
    no-case "^2.2.0"
    upper-case "^1.1.1"

cheerio@0.22.0:
  version "0.22.0"
  resolved "https://registry.npm.taobao.org/cheerio/download/cheerio-0.22.0.tgz#a9baa860a3f9b595a6b81b1a86873121ed3a269e"
  integrity sha1-qbqoYKP5tZWmuBsahocxIe06Jp4=
  dependencies:
    css-select "~1.2.0"
    dom-serializer "~0.1.0"
    entities "~1.1.1"
    htmlparser2 "^3.9.1"
    lodash.assignin "^4.0.9"
    lodash.bind "^4.1.4"
    lodash.defaults "^4.0.1"
    lodash.filter "^4.4.0"
    lodash.flatten "^4.2.0"
    lodash.foreach "^4.3.0"
    lodash.map "^4.4.0"
    lodash.merge "^4.4.0"
    lodash.pick "^4.2.1"
    lodash.reduce "^4.4.0"
    lodash.reject "^4.4.0"
    lodash.some "^4.4.0"

clean-css@^4.2.1:
  version "4.2.1"
  resolved "https://registry.npm.taobao.org/clean-css/download/clean-css-4.2.1.tgz#2d411ef76b8569b6d0c84068dabe85b0aa5e5c17"
  integrity sha1-LUEe92uFabbQyEBo2r6FsKpeXBc=
  dependencies:
    source-map "~0.6.0"

commander@^2.19.0, commander@~2.20.0:
  version "2.20.0"
  resolved "https://registry.npm.taobao.org/commander/download/commander-2.20.0.tgz#d58bb2b5c1ee8f87b0d340027e9e94e222c5a422"
  integrity sha1-1YuytcHuj4ew00ACfp6U4iLFpCI=

css-select@~1.2.0:
  version "1.2.0"
  resolved "https://registry.npm.taobao.org/css-select/download/css-select-1.2.0.tgz#2b3a110539c5355f1cd8d314623e870b121ec858"
  integrity sha1-KzoRBTnFNV8c2NMUYj6HCxIeyFg=
  dependencies:
    boolbase "~1.0.0"
    css-what "2.1"
    domutils "1.5.1"
    nth-check "~1.0.1"

css-what@2.1:
  version "2.1.3"
  resolved "https://registry.npm.taobao.org/css-what/download/css-what-2.1.3.tgz?cache=0&sync_timestamp=1564773794818&other_urls=https%3A%2F%2Fregistry.npm.taobao.org%2Fcss-what%2Fdownload%2Fcss-what-2.1.3.tgz#a6d7604573365fe74686c3f311c56513d88285f2"
  integrity sha1-ptdgRXM2X+dGhsPzEcVlE9iChfI=

dom-serializer@0:
  version "0.2.1"
  resolved "https://registry.npm.taobao.org/dom-serializer/download/dom-serializer-0.2.1.tgz?cache=0&sync_timestamp=1564710970695&other_urls=https%3A%2F%2Fregistry.npm.taobao.org%2Fdom-serializer%2Fdownload%2Fdom-serializer-0.2.1.tgz#13650c850daffea35d8b626a4cfc4d3a17643fdb"
  integrity sha1-E2UMhQ2v/qNdi2JqTPxNOhdkP9s=
  dependencies:
    domelementtype "^2.0.1"
    entities "^2.0.0"

dom-serializer@~0.1.0:
  version "0.1.1"
  resolved "https://registry.npm.taobao.org/dom-serializer/download/dom-serializer-0.1.1.tgz?cache=0&sync_timestamp=1564710970695&other_urls=https%3A%2F%2Fregistry.npm.taobao.org%2Fdom-serializer%2Fdownload%2Fdom-serializer-0.1.1.tgz#1ec4059e284babed36eec2941d4a970a189ce7c0"
  integrity sha1-HsQFnihLq+027sKUHUqXChic58A=
  dependencies:
    domelementtype "^1.3.0"
    entities "^1.1.1"

domelementtype@1, domelementtype@^1.3.0, domelementtype@^1.3.1:
  version "1.3.1"
  resolved "https://registry.npm.taobao.org/domelementtype/download/domelementtype-1.3.1.tgz#d048c44b37b0d10a7f2a3d5fee3f4333d790481f"
  integrity sha1-0EjESzew0Qp/Kj1f7j9DM9eQSB8=

domelementtype@^2.0.1:
  version "2.0.1"
  resolved "https://registry.npm.taobao.org/domelementtype/download/domelementtype-2.0.1.tgz#1f8bdfe91f5a78063274e803b4bdcedf6e94f94d"
  integrity sha1-H4vf6R9aeAYydOgDtL3O326U+U0=

domhandler@^2.3.0:
  version "2.4.2"
  resolved "https://registry.npm.taobao.org/domhandler/download/domhandler-2.4.2.tgz#8805097e933d65e85546f726d60f5eb88b44f803"
  integrity sha1-iAUJfpM9ZehVRvcm1g9euItE+AM=
  dependencies:
    domelementtype "1"

domutils@1.5.1:
  version "1.5.1"
  resolved "https://registry.npm.taobao.org/domutils/download/domutils-1.5.1.tgz?cache=0&other_urls=https%3A%2F%2Fregistry.npm.taobao.org%2Fdomutils%2Fdownload%2Fdomutils-1.5.1.tgz#dcd8488a26f563d61079e48c9f7b7e32373682cf"
  integrity sha1-3NhIiib1Y9YQeeSMn3t+Mjc2gs8=
  dependencies:
    dom-serializer "0"
    domelementtype "1"

domutils@^1.5.1:
  version "1.7.0"
  resolved "https://registry.npm.taobao.org/domutils/download/domutils-1.7.0.tgz?cache=0&other_urls=https%3A%2F%2Fregistry.npm.taobao.org%2Fdomutils%2Fdownload%2Fdomutils-1.7.0.tgz#56ea341e834e06e6748af7a1cb25da67ea9f8c2a"
  integrity sha1-Vuo0HoNOBuZ0ivehyyXaZ+qfjCo=
  dependencies:
    dom-serializer "0"
    domelementtype "1"

entities@^1.1.1, entities@~1.1.1:
  version "1.1.2"
  resolved "https://registry.npm.taobao.org/entities/download/entities-1.1.2.tgz?cache=0&sync_timestamp=1563403393055&other_urls=https%3A%2F%2Fregistry.npm.taobao.org%2Fentities%2Fdownload%2Fentities-1.1.2.tgz#bdfa735299664dfafd34529ed4f8522a275fea56"
  integrity sha1-vfpzUplmTfr9NFKe1PhSKidf6lY=

entities@^2.0.0:
  version "2.0.0"
  resolved "https://registry.npm.taobao.org/entities/download/entities-2.0.0.tgz?cache=0&sync_timestamp=1563403393055&other_urls=https%3A%2F%2Fregistry.npm.taobao.org%2Fentities%2Fdownload%2Fentities-2.0.0.tgz#68d6084cab1b079767540d80e56a39b423e4abf4"
  integrity sha1-aNYITKsbB5dnVA2A5Wo5tCPkq/Q=

gitbook-plugin-back-to-top-button@^0.1.4:
  version "0.1.4"
  resolved "https://registry.npm.taobao.org/gitbook-plugin-back-to-top-button/download/gitbook-plugin-back-to-top-button-0.1.4.tgz#e6218338b0ef19d58e6f6600994350b76e8035df"
  integrity sha1-5iGDOLDvGdWOb2YAmUNQt26ANd8=

gitbook-plugin-baidu-tongji@^1.0.4:
  version "1.0.4"
  resolved "https://registry.npm.taobao.org/gitbook-plugin-baidu-tongji/download/gitbook-plugin-baidu-tongji-1.0.4.tgz#6f941ccfc84e5382a2624dc7b94520cb03b00f02"
  integrity sha1-b5Qcz8hOU4KiYk3HuUUgywOwDwI=

gitbook-plugin-code@^0.1.0:
  version "0.1.0"
  resolved "https://registry.npm.taobao.org/gitbook-plugin-code/download/gitbook-plugin-code-0.1.0.tgz#811a9600baef7558ae193cee7d5810001667e97b"
  integrity sha1-gRqWALrvdViuGTzufVgQABZn6Xs=

gitbook-plugin-custom-favicon@^0.0.4:
  version "0.0.4"
  resolved "https://registry.npm.taobao.org/gitbook-plugin-custom-favicon/download/gitbook-plugin-custom-favicon-0.0.4.tgz#cb73729d4758cb7c6c564e8efb035d1f6e08aecf"
  integrity sha1-y3NynUdYy3xsVk6O+wNdH24Irs8=

gitbook-plugin-expandable-chapters@^0.2.0:
  version "0.2.0"
  resolved "https://registry.npm.taobao.org/gitbook-plugin-expandable-chapters/download/gitbook-plugin-expandable-chapters-0.2.0.tgz#45d7087ae6907a41f48128c54fe56224a9c1ada2"
  integrity sha1-RdcIeuaQekH0gSjFT+ViJKnBraI=

gitbook-plugin-insert-logo@^0.1.5:
  version "0.1.5"
  resolved "https://registry.npm.taobao.org/gitbook-plugin-insert-logo/download/gitbook-plugin-insert-logo-0.1.5.tgz#daae8dda41a236d54f13931e570b26729557885a"
  integrity sha1-2q6N2kGiNtVPE5MeVwsmcpVXiFo=

gitbook-plugin-minifier@^0.0.1:
  version "0.0.1"
  resolved "https://registry.npm.taobao.org/gitbook-plugin-minifier/download/gitbook-plugin-minifier-0.0.1.tgz#3d904ee4d7a39b5ff50c161af1533bd99d38291b"
  integrity sha1-PZBO5Nejm1/1DBYa8VM72Z04KRs=
  dependencies:
    clean-css "^4.2.1"
    html-minifier "^4.0.0"
    uglify-js "^3.6.0"

gitbook-plugin-prism@^2.4.0:
  version "2.4.0"
  resolved "https://registry.npm.taobao.org/gitbook-plugin-prism/download/gitbook-plugin-prism-2.4.0.tgz#4128e2cbfa4c8c4610e8ed330056c249c5ceb2e9"
  integrity sha1-QSjiy/pMjEYQ6O0zAFbCScXOsuk=
  dependencies:
    cheerio "0.22.0"
    mkdirp "0.5.1"
    prismjs "^1.15.0"

gitbook-plugin-search-pro@^2.0.2:
  version "2.0.2"
  resolved "https://registry.npm.taobao.org/gitbook-plugin-search-pro/download/gitbook-plugin-search-pro-2.0.2.tgz#7ce76e8f65c2044489b9c692736b23f81fe6a1f2"
  integrity sha1-fOduj2XCBESJucaSc2sj+B/mofI=
  dependencies:
    html-entities "1.2.0"

he@^1.2.0:
  version "1.2.0"
  resolved "https://registry.npm.taobao.org/he/download/he-1.2.0.tgz#84ae65fa7eafb165fddb61566ae14baf05664f0f"
  integrity sha1-hK5l+n6vsWX922FWauFLrwVmTw8=

html-entities@1.2.0:
  version "1.2.0"
  resolved "https://registry.npm.taobao.org/html-entities/download/html-entities-1.2.0.tgz#41948caf85ce82fed36e4e6a0ed371a6664379e2"
  integrity sha1-QZSMr4XOgv7Tbk5qDtNxpmZDeeI=

html-minifier@^4.0.0:
  version "4.0.0"
  resolved "https://registry.npm.taobao.org/html-minifier/download/html-minifier-4.0.0.tgz#cca9aad8bce1175e02e17a8c33e46d8988889f56"
  integrity sha1-zKmq2LzhF14C4XqMM+RtiYiIn1Y=
  dependencies:
    camel-case "^3.0.0"
    clean-css "^4.2.1"
    commander "^2.19.0"
    he "^1.2.0"
    param-case "^2.1.1"
    relateurl "^0.2.7"
    uglify-js "^3.5.1"

htmlparser2@^3.9.1:
  version "3.10.1"
  resolved "https://registry.npm.taobao.org/htmlparser2/download/htmlparser2-3.10.1.tgz?cache=0&sync_timestamp=1564773692945&other_urls=https%3A%2F%2Fregistry.npm.taobao.org%2Fhtmlparser2%2Fdownload%2Fhtmlparser2-3.10.1.tgz#bd679dc3f59897b6a34bb10749c855bb53a9392f"
  integrity sha1-vWedw/WYl7ajS7EHSchVu1OpOS8=
  dependencies:
    domelementtype "^1.3.1"
    domhandler "^2.3.0"
    domutils "^1.5.1"
    entities "^1.1.1"
    inherits "^2.0.1"
    readable-stream "^3.1.1"

inherits@^2.0.1, inherits@^2.0.3:
  version "2.0.4"
  resolved "https://registry.npm.taobao.org/inherits/download/inherits-2.0.4.tgz?cache=0&sync_timestamp=1560975547815&other_urls=https%3A%2F%2Fregistry.npm.taobao.org%2Finherits%2Fdownload%2Finherits-2.0.4.tgz#0fa2c64f932917c3433a0ded55363aae37416b7c"
  integrity sha1-D6LGT5MpF8NDOg3tVTY6rjdBa3w=

lodash.assignin@^4.0.9:
  version "4.2.0"
  resolved "https://registry.npm.taobao.org/lodash.assignin/download/lodash.assignin-4.2.0.tgz#ba8df5fb841eb0a3e8044232b0e263a8dc6a28a2"
  integrity sha1-uo31+4QesKPoBEIysOJjqNxqKKI=

lodash.bind@^4.1.4:
  version "4.2.1"
  resolved "https://registry.npm.taobao.org/lodash.bind/download/lodash.bind-4.2.1.tgz#7ae3017e939622ac31b7d7d7dcb1b34db1690d35"
  integrity sha1-euMBfpOWIqwxt9fX3LGzTbFpDTU=

lodash.defaults@^4.0.1:
  version "4.2.0"
  resolved "https://registry.npm.taobao.org/lodash.defaults/download/lodash.defaults-4.2.0.tgz#d09178716ffea4dde9e5fb7b37f6f0802274580c"
  integrity sha1-0JF4cW/+pN3p5ft7N/bwgCJ0WAw=

lodash.filter@^4.4.0:
  version "4.6.0"
  resolved "https://registry.npm.taobao.org/lodash.filter/download/lodash.filter-4.6.0.tgz#668b1d4981603ae1cc5a6fa760143e480b4c4ace"
  integrity sha1-ZosdSYFgOuHMWm+nYBQ+SAtMSs4=

lodash.flatten@^4.2.0:
  version "4.4.0"
  resolved "https://registry.npm.taobao.org/lodash.flatten/download/lodash.flatten-4.4.0.tgz#f31c22225a9632d2bbf8e4addbef240aa765a61f"
  integrity sha1-8xwiIlqWMtK7+OSt2+8kCqdlph8=

lodash.foreach@^4.3.0:
  version "4.5.0"
  resolved "https://registry.npm.taobao.org/lodash.foreach/download/lodash.foreach-4.5.0.tgz#1a6a35eace401280c7f06dddec35165ab27e3e53"
  integrity sha1-Gmo16s5AEoDH8G3d7DUWWrJ+PlM=

lodash.map@^4.4.0:
  version "4.6.0"
  resolved "https://registry.npm.taobao.org/lodash.map/download/lodash.map-4.6.0.tgz#771ec7839e3473d9c4cde28b19394c3562f4f6d3"
  integrity sha1-dx7Hg540c9nEzeKLGTlMNWL09tM=

lodash.merge@^4.4.0:
  version "4.6.2"
  resolved "https://registry.npm.taobao.org/lodash.merge/download/lodash.merge-4.6.2.tgz?cache=0&sync_timestamp=1562718935617&other_urls=https%3A%2F%2Fregistry.npm.taobao.org%2Flodash.merge%2Fdownload%2Flodash.merge-4.6.2.tgz#558aa53b43b661e1925a0afdfa36a9a1085fe57a"
  integrity sha1-VYqlO0O2YeGSWgr9+japoQhf5Xo=

lodash.pick@^4.2.1:
  version "4.4.0"
  resolved "https://registry.npm.taobao.org/lodash.pick/download/lodash.pick-4.4.0.tgz#52f05610fff9ded422611441ed1fc123a03001b3"
  integrity sha1-UvBWEP/53tQiYRRB7R/BI6AwAbM=

lodash.reduce@^4.4.0:
  version "4.6.0"
  resolved "https://registry.npm.taobao.org/lodash.reduce/download/lodash.reduce-4.6.0.tgz#f1ab6b839299ad48f784abbf476596f03b914d3b"
  integrity sha1-8atrg5KZrUj3hKu/R2WW8DuRTTs=

lodash.reject@^4.4.0:
  version "4.6.0"
  resolved "https://registry.npm.taobao.org/lodash.reject/download/lodash.reject-4.6.0.tgz#80d6492dc1470864bbf583533b651f42a9f52415"
  integrity sha1-gNZJLcFHCGS79YNTO2UfQqn1JBU=

lodash.some@^4.4.0:
  version "4.6.0"
  resolved "https://registry.npm.taobao.org/lodash.some/download/lodash.some-4.6.0.tgz#1bb9f314ef6b8baded13b549169b2a945eb68e4d"
  integrity sha1-G7nzFO9ri63tE7VJFpsqlF62jk0=

lower-case@^1.1.1:
  version "1.1.4"
  resolved "https://registry.npm.taobao.org/lower-case/download/lower-case-1.1.4.tgz#9a2cabd1b9e8e0ae993a4bf7d5875c39c42e8eac"
  integrity sha1-miyr0bno4K6ZOkv31YdcOcQujqw=

minimist@0.0.8:
  version "0.0.8"
  resolved "https://registry.npm.taobao.org/minimist/download/minimist-0.0.8.tgz#857fcabfc3397d2625b8228262e86aa7a011b05d"
  integrity sha1-hX/Kv8M5fSYluCKCYuhqp6ARsF0=

mkdirp@0.5.1:
  version "0.5.1"
  resolved "https://registry.npm.taobao.org/mkdirp/download/mkdirp-0.5.1.tgz#30057438eac6cf7f8c4767f38648d6697d75c903"
  integrity sha1-MAV0OOrGz3+MR2fzhkjWaX11yQM=
  dependencies:
    minimist "0.0.8"

no-case@^2.2.0:
  version "2.3.2"
  resolved "https://registry.npm.taobao.org/no-case/download/no-case-2.3.2.tgz#60b813396be39b3f1288a4c1ed5d1e7d28b464ac"
  integrity sha1-YLgTOWvjmz8SiKTB7V0efSi0ZKw=
  dependencies:
    lower-case "^1.1.1"

nth-check@~1.0.1:
  version "1.0.2"
  resolved "https://registry.npm.taobao.org/nth-check/download/nth-check-1.0.2.tgz#b2bd295c37e3dd58a3bf0700376663ba4d9cf05c"
  integrity sha1-sr0pXDfj3VijvwcAN2Zjuk2c8Fw=
  dependencies:
    boolbase "~1.0.0"

param-case@^2.1.1:
  version "2.1.1"
  resolved "https://registry.npm.taobao.org/param-case/download/param-case-2.1.1.tgz#df94fd8cf6531ecf75e6bef9a0858fbc72be2247"
  integrity sha1-35T9jPZTHs915r75oIWPvHK+Ikc=
  dependencies:
    no-case "^2.2.0"

prismjs@^1.15.0:
  version "1.24.0"
  resolved "https://registry.yarnpkg.com/prismjs/-/prismjs-1.24.0.tgz#0409c30068a6c52c89ef7f1089b3ca4de56be2ac"
  integrity sha512-SqV5GRsNqnzCL8k5dfAjCNhUrF3pR0A9lTDSCUZeh/LIshheXJEaP0hwLz2t4XHivd2J/v2HR+gRnigzeKe3cQ==

readable-stream@^3.1.1:
  version "3.4.0"
  resolved "https://registry.npm.taobao.org/readable-stream/download/readable-stream-3.4.0.tgz#a51c26754658e0a3c21dbf59163bd45ba6f447fc"
  integrity sha1-pRwmdUZY4KPCHb9ZFjvUW6b0R/w=
  dependencies:
    inherits "^2.0.3"
    string_decoder "^1.1.1"
    util-deprecate "^1.0.1"

relateurl@^0.2.7:
  version "0.2.7"
  resolved "https://registry.npm.taobao.org/relateurl/download/relateurl-0.2.7.tgz#54dbf377e51440aca90a4cd274600d3ff2d888a9"
  integrity sha1-VNvzd+UUQKypCkzSdGANP/LYiKk=

safe-buffer@~5.2.0:
  version "5.2.0"
  resolved "https://registry.npm.taobao.org/safe-buffer/download/safe-buffer-5.2.0.tgz#b74daec49b1148f88c64b68d49b1e815c1f2f519"
  integrity sha1-t02uxJsRSPiMZLaNSbHoFcHy9Rk=

source-map@~0.6.0, source-map@~0.6.1:
  version "0.6.1"
  resolved "https://registry.npm.taobao.org/source-map/download/source-map-0.6.1.tgz#74722af32e9614e9c287a8d0bbde48b5e2f1a263"
  integrity sha1-dHIq8y6WFOnCh6jQu95IteLxomM=

string_decoder@^1.1.1:
  version "1.3.0"
  resolved "https://registry.npm.taobao.org/string_decoder/download/string_decoder-1.3.0.tgz#42f114594a46cf1a8e30b0a84f56c78c3edac21e"
  integrity sha1-QvEUWUpGzxqOMLCoT1bHjD7awh4=
  dependencies:
    safe-buffer "~5.2.0"

uglify-js@^3.5.1, uglify-js@^3.6.0:
  version "3.6.0"
  resolved "https://registry.npm.taobao.org/uglify-js/download/uglify-js-3.6.0.tgz?cache=0&sync_timestamp=1563943388956&other_urls=https%3A%2F%2Fregistry.npm.taobao.org%2Fuglify-js%2Fdownload%2Fuglify-js-3.6.0.tgz#704681345c53a8b2079fb6cec294b05ead242ff5"
  integrity sha1-cEaBNFxTqLIHn7bOwpSwXq0kL/U=
  dependencies:
    commander "~2.20.0"
    source-map "~0.6.1"

upper-case@^1.1.1:
  version "1.1.3"
  resolved "https://registry.npm.taobao.org/upper-case/download/upper-case-1.1.3.tgz#f6b4501c2ec4cdd26ba78be7222961de77621598"
  integrity sha1-9rRQHC7EzdJrp4vnIilh3ndiFZg=

util-deprecate@^1.0.1:
  version "1.0.2"
  resolved "https://registry.npm.taobao.org/util-deprecate/download/util-deprecate-1.0.2.tgz#450d4dc9fa70de732762fbd2d4a28981419a0ccf"
  integrity sha1-RQ1Nyfpw3nMnYvvS1KKJgUGaDM8=
